
Microsoft Visual Studio Solution File, Format Version 12.00
# Visual Studio Version 17
VisualStudioVersion = 17.5.33502.453
MinimumVisualStudioVersion = 10.0.40219.1
Project("{9A19103F-16F7-4668-BE54-9A1E7A4F7556}") = "Domain", "Domain\Domain.csproj", "{97DCB19B-49CC-495D-AE9B-651EB1A9FD8F}"
EndProject
Project("{9A19103F-16F7-4668-BE54-9A1E7A4F7556}") = "Application", "Application\Application.csproj", "{FC31A63C-8E7E-4C77-86F0-93918F32FEA3}"
EndProject
Project("{9A19103F-16F7-4668-BE54-9A1E7A4F7556}") = "Infrastructure", "Infrastructure\Infrastructure.csproj", "{B5DA7981-4D07-425E-B820-DC26ED6D3D64}"
EndProject
Project("{9A19103F-16F7-4668-BE54-9A1E7A4F7556}") = "SuggestionWorker", "SuggestionWorker\SuggestionWorker.csproj", "{51CB638C-8669-4CC3-8391-2509B3974F65}"
EndProject
Project("{FAE04EC0-301F-11D3-BF4B-00C04F79EFBC}") = "SuggestionMicroService", "SuggestionMicroService\SuggestionMicroService.csproj", "{0F244397-3757-4314-91ED-7A8C3408C2C6}"
EndProject
Global
	GlobalSection(SolutionConfigurationPlatforms) = preSolution
		Debug|Any CPU = Debug|Any CPU
		Release|Any CPU = Release|Any CPU
	EndGlobalSection
	GlobalSection(ProjectConfigurationPlatforms) = postSolution
		{97DCB19B-49CC-495D-AE9B-651EB1A9FD8F}.Debug|Any CPU.ActiveCfg = Debug|Any CPU
		{97DCB19B-49CC-495D-AE9B-651EB1A9FD8F}.Debug|Any CPU.Build.0 = Debug|Any CPU
		{97DCB19B-49CC-495D-AE9B-651EB1A9FD8F}.Release|Any CPU.ActiveCfg = Release|Any CPU
		{97DCB19B-49CC-495D-AE9B-651EB1A9FD8F}.Release|Any CPU.Build.0 = Release|Any CPU
		{FC31A63C-8E7E-4C77-86F0-93918F32FEA3}.Debug|Any CPU.ActiveCfg = Debug|Any CPU
		{FC31A63C-8E7E-4C77-86F0-93918F32FEA3}.Debug|Any CPU.Build.0 = Debug|Any CPU
		{FC31A63C-8E7E-4C77-86F0-93918F32FEA3}.Release|Any CPU.ActiveCfg = Release|Any CPU
		{FC31A63C-8E7E-4C77-86F0-93918F32FEA3}.Release|Any CPU.Build.0 = Release|Any CPU
		{B5DA7981-4D07-425E-B820-DC26ED6D3D64}.Debug|Any CPU.ActiveCfg = Debug|Any CPU
		{B5DA7981-4D07-425E-B820-DC26ED6D3D64}.Debug|Any CPU.Build.0 = Debug|Any CPU
		{B5DA7981-4D07-425E-B820-DC26ED6D3D64}.Release|Any CPU.ActiveCfg = Release|Any CPU
		{B5DA7981-4D07-425E-B820-DC26ED6D3D64}.Release|Any CPU.Build.0 = Release|Any CPU
		{51CB638C-8669-4CC3-8391-2509B3974F65}.Debug|Any CPU.ActiveCfg = Debug|Any CPU
		{51CB638C-8669-4CC3-8391-2509B3974F65}.Debug|Any CPU.Build.0 = Debug|Any CPU
		{51CB638C-8669-4CC3-8391-2509B3974F65}.Release|Any CPU.ActiveCfg = Release|Any CPU
		{51CB638C-8669-4CC3-8391-2509B3974F65}.Release|Any CPU.Build.0 = Release|Any CPU
		{0F244397-3757-4314-91ED-7A8C3408C2C6}.Debug|Any CPU.ActiveCfg = Debug|Any CPU
		{0F244397-3757-4314-91ED-7A8C3408C2C6}.Debug|Any CPU.Build.0 = Debug|Any CPU
		{0F244397-3757-4314-91ED-7A8C3408C2C6}.Release|Any CPU.ActiveCfg = Release|Any CPU
		{0F244397-3757-4314-91ED-7A8C3408C2C6}.Release|Any CPU.Build.0 = Release|Any CPU
	EndGlobalSection
	GlobalSection(SolutionProperties) = preSolution
		HideSolutionNode = FALSE
	EndGlobalSection
	GlobalSection(ExtensibilityGlobals) = postSolution
		SolutionGuid = {58BA3852-D58B-4724-B494-096F1DCB4112}
	EndGlobalSection
EndGlobal
